
Microsoft Visual Studio Solution File, Format Version 12.00
# Visual Studio Version 17
VisualStudioVersion = 17.9.34902.65
MinimumVisualStudioVersion = 10.0.40219.1
Project("{FAE04EC0-301F-11D3-BF4B-00C04F79EFBC}") = "BalanceService.API", "BalanceService.API\BalanceService.API.csproj", "{D914928F-B0B3-4383-A4DF-D3EADEFBE856}"
EndProject
Project("{FAE04EC0-301F-11D3-BF4B-00C04F79EFBC}") = "BalanceService.Domain", "BalanceService.Domain\BalanceService.Domain.csproj", "{285DF71F-EC15-43E3-A42A-CBE54D8995D2}"
EndProject
Project("{FAE04EC0-301F-11D3-BF4B-00C04F79EFBC}") = "BalanceService.Application", "BalanceService.Application\BalanceService.Application.csproj", "{0E1AFDA3-BFDF-4D30-AC93-B832730D3F89}"
EndProject
Project("{FAE04EC0-301F-11D3-BF4B-00C04F79EFBC}") = "BalanceService.Infrastructure", "BalanceService.Infrastructure\BalanceService.Infrastructure.csproj", "{49F768B1-6BA4-40B5-8D63-7D0F1A6F4FA0}"
EndProject
Global
	GlobalSection(SolutionConfigurationPlatforms) = preSolution
		Debug|Any CPU = Debug|Any CPU
		Release|Any CPU = Release|Any CPU
	EndGlobalSection
	GlobalSection(ProjectConfigurationPlatforms) = postSolution
		{D914928F-B0B3-4383-A4DF-D3EADEFBE856}.Debug|Any CPU.ActiveCfg = Debug|Any CPU
		{D914928F-B0B3-4383-A4DF-D3EADEFBE856}.Debug|Any CPU.Build.0 = Debug|Any CPU
		{D914928F-B0B3-4383-A4DF-D3EADEFBE856}.Release|Any CPU.ActiveCfg = Release|Any CPU
		{D914928F-B0B3-4383-A4DF-D3EADEFBE856}.Release|Any CPU.Build.0 = Release|Any CPU
		{285DF71F-EC15-43E3-A42A-CBE54D8995D2}.Debug|Any CPU.ActiveCfg = Debug|Any CPU
		{285DF71F-EC15-43E3-A42A-CBE54D8995D2}.Debug|Any CPU.Build.0 = Debug|Any CPU
		{285DF71F-EC15-43E3-A42A-CBE54D8995D2}.Release|Any CPU.ActiveCfg = Release|Any CPU
		{285DF71F-EC15-43E3-A42A-CBE54D8995D2}.Release|Any CPU.Build.0 = Release|Any CPU
		{0E1AFDA3-BFDF-4D30-AC93-B832730D3F89}.Debug|Any CPU.ActiveCfg = Debug|Any CPU
		{0E1AFDA3-BFDF-4D30-AC93-B832730D3F89}.Debug|Any CPU.Build.0 = Debug|Any CPU
		{0E1AFDA3-BFDF-4D30-AC93-B832730D3F89}.Release|Any CPU.ActiveCfg = Release|Any CPU
		{0E1AFDA3-BFDF-4D30-AC93-B832730D3F89}.Release|Any CPU.Build.0 = Release|Any CPU
		{49F768B1-6BA4-40B5-8D63-7D0F1A6F4FA0}.Debug|Any CPU.ActiveCfg = Debug|Any CPU
		{49F768B1-6BA4-40B5-8D63-7D0F1A6F4FA0}.Debug|Any CPU.Build.0 = Debug|Any CPU
		{49F768B1-6BA4-40B5-8D63-7D0F1A6F4FA0}.Release|Any CPU.ActiveCfg = Release|Any CPU
		{49F768B1-6BA4-40B5-8D63-7D0F1A6F4FA0}.Release|Any CPU.Build.0 = Release|Any CPU
	EndGlobalSection
	GlobalSection(SolutionProperties) = preSolution
		HideSolutionNode = FALSE
	EndGlobalSection
	GlobalSection(ExtensibilityGlobals) = postSolution
		SolutionGuid = {DAC9C3A3-589A-4ABE-BD78-01D5D776BC63}
	EndGlobalSection
EndGlobal
