
Microsoft Visual Studio Solution File, Format Version 12.00
# Visual Studio Version 17
VisualStudioVersion = 17.9.34902.65
MinimumVisualStudioVersion = 10.0.40219.1
Project("{2150E333-8FDC-42A3-9474-1A3956D46DE8}") = "Services", "Services", "{3259233F-FC8B-490F-A7A5-7C95F411D53B}"
EndProject
Project("{2150E333-8FDC-42A3-9474-1A3956D46DE8}") = "ApiGateways", "ApiGateways", "{61A8DC94-F701-4BC7-A3C5-CC1877C648CB}"
EndProject
Project("{2150E333-8FDC-42A3-9474-1A3956D46DE8}") = "TopUp", "TopUp", "{E60BC2E6-C656-4F2D-AB63-35E7AA5D4408}"
EndProject
Project("{2150E333-8FDC-42A3-9474-1A3956D46DE8}") = "Balance", "Balance", "{80FB0C4F-FA20-4C85-9F42-DDF813B47226}"
EndProject
Project("{2150E333-8FDC-42A3-9474-1A3956D46DE8}") = "Security", "Security", "{C82E35CE-D694-4C4E-B083-857F01EAB717}"
EndProject
Project("{9A19103F-16F7-4668-BE54-9A1E7A4F7556}") = "BalanceService.API", "Services\Balance\BalanceService.API\BalanceService.API.csproj", "{7BDC694F-FDBA-4087-A0B6-F7E703538896}"
EndProject
Project("{9A19103F-16F7-4668-BE54-9A1E7A4F7556}") = "BalanceService.Application", "Services\Balance\BalanceService.Application\BalanceService.Application.csproj", "{DEBA7FCF-202E-4B3A-95A5-F82BC09B4817}"
EndProject
Project("{9A19103F-16F7-4668-BE54-9A1E7A4F7556}") = "BalanceService.Domain", "Services\Balance\BalanceService.Domain\BalanceService.Domain.csproj", "{A2C4F4E8-9055-4238-B5F9-08F39609CEF6}"
EndProject
Project("{9A19103F-16F7-4668-BE54-9A1E7A4F7556}") = "BalanceService.Infrastructure", "Services\Balance\BalanceService.Infrastructure\BalanceService.Infrastructure.csproj", "{5F36C2BA-3FC2-4B76-BC9D-1D5B622C2FC5}"
EndProject
Project("{9A19103F-16F7-4668-BE54-9A1E7A4F7556}") = "SecurityService.API", "Services\Security\SecurityService.API\SecurityService.API.csproj", "{7B047660-AE4C-40AF-ACE7-6C82580F9D1D}"
EndProject
Project("{9A19103F-16F7-4668-BE54-9A1E7A4F7556}") = "SecurityService.Application", "Services\Security\SecurityService.Application\SecurityService.Application.csproj", "{3AE7734E-CE4B-437F-97A0-CEE91EE7C536}"
EndProject
Project("{9A19103F-16F7-4668-BE54-9A1E7A4F7556}") = "SecurityService.Domain", "Services\Security\SecurityService.Domain\SecurityService.Domain.csproj", "{FFF81807-F042-4E03-AE5A-CF90F46CC8B8}"
EndProject
Project("{9A19103F-16F7-4668-BE54-9A1E7A4F7556}") = "SecurityService.Infrastructure", "Services\Security\SecurityService.Infrastructure\SecurityService.Infrastructure.csproj", "{BA313CBD-BD4C-4AC7-9F98-5CD6C3ADF613}"
EndProject
Project("{9A19103F-16F7-4668-BE54-9A1E7A4F7556}") = "TopUp.API", "Services\TopUp\TopUp.API\TopUp.API.csproj", "{4225BF61-8A7A-4F37-BCC3-3B8CFB1897F7}"
EndProject
Project("{9A19103F-16F7-4668-BE54-9A1E7A4F7556}") = "TopUp.Application", "Services\TopUp\TopUp.Application\TopUp.Application.csproj", "{E874A5B9-6869-4A06-8DA2-E49D93FAFE82}"
EndProject
Project("{9A19103F-16F7-4668-BE54-9A1E7A4F7556}") = "TopUp.Domain", "Services\TopUp\TopUp.Domain\TopUp.Domain.csproj", "{F3A6FF5A-E245-42BC-AB4C-D8002A432CFF}"
EndProject
Project("{9A19103F-16F7-4668-BE54-9A1E7A4F7556}") = "TopUp.Infrastructure", "Services\TopUp\TopUp.Infrastructure\TopUp.Infrastructure.csproj", "{CBD4E3E7-00A9-4183-9AE9-FA89DC80B50A}"
EndProject
Project("{9A19103F-16F7-4668-BE54-9A1E7A4F7556}") = "TopUpService.Tests", "Services\TopUp\TopUpService.Tests\TopUpService.Tests.csproj", "{BB97097D-F5EF-4304-9DED-2D02279BAB95}"
EndProject
Project("{9A19103F-16F7-4668-BE54-9A1E7A4F7556}") = "ApiGateway", "ApiGateways\ocelot\ApiGateway.csproj", "{DD2F2DAB-3CCA-4FD8-AF1B-0995BCFE8B56}"
EndProject
Project("{2150E333-8FDC-42A3-9474-1A3956D46DE8}") = "Infrastructure", "Infrastructure", "{77FE9ED0-3B32-41D7-BA09-4CDE5B4CC13F}"
EndProject
Project("{2150E333-8FDC-42A3-9474-1A3956D46DE8}") = "EventBus", "EventBus", "{9858D33F-6F70-495B-8005-EAE1487F96FB}"
EndProject
Project("{2150E333-8FDC-42A3-9474-1A3956D46DE8}") = "RabbitMQ", "RabbitMQ", "{353FC451-A575-4029-9383-31D8EEA69C80}"
EndProject
Global
	GlobalSection(SolutionConfigurationPlatforms) = preSolution
		Debug|Any CPU = Debug|Any CPU
		Release|Any CPU = Release|Any CPU
	EndGlobalSection
	GlobalSection(ProjectConfigurationPlatforms) = postSolution
		{7BDC694F-FDBA-4087-A0B6-F7E703538896}.Debug|Any CPU.ActiveCfg = Debug|Any CPU
		{7BDC694F-FDBA-4087-A0B6-F7E703538896}.Debug|Any CPU.Build.0 = Debug|Any CPU
		{7BDC694F-FDBA-4087-A0B6-F7E703538896}.Release|Any CPU.ActiveCfg = Release|Any CPU
		{7BDC694F-FDBA-4087-A0B6-F7E703538896}.Release|Any CPU.Build.0 = Release|Any CPU
		{DEBA7FCF-202E-4B3A-95A5-F82BC09B4817}.Debug|Any CPU.ActiveCfg = Debug|Any CPU
		{DEBA7FCF-202E-4B3A-95A5-F82BC09B4817}.Debug|Any CPU.Build.0 = Debug|Any CPU
		{DEBA7FCF-202E-4B3A-95A5-F82BC09B4817}.Release|Any CPU.ActiveCfg = Release|Any CPU
		{DEBA7FCF-202E-4B3A-95A5-F82BC09B4817}.Release|Any CPU.Build.0 = Release|Any CPU
		{A2C4F4E8-9055-4238-B5F9-08F39609CEF6}.Debug|Any CPU.ActiveCfg = Debug|Any CPU
		{A2C4F4E8-9055-4238-B5F9-08F39609CEF6}.Debug|Any CPU.Build.0 = Debug|Any CPU
		{A2C4F4E8-9055-4238-B5F9-08F39609CEF6}.Release|Any CPU.ActiveCfg = Release|Any CPU
		{A2C4F4E8-9055-4238-B5F9-08F39609CEF6}.Release|Any CPU.Build.0 = Release|Any CPU
		{5F36C2BA-3FC2-4B76-BC9D-1D5B622C2FC5}.Debug|Any CPU.ActiveCfg = Debug|Any CPU
		{5F36C2BA-3FC2-4B76-BC9D-1D5B622C2FC5}.Debug|Any CPU.Build.0 = Debug|Any CPU
		{5F36C2BA-3FC2-4B76-BC9D-1D5B622C2FC5}.Release|Any CPU.ActiveCfg = Release|Any CPU
		{5F36C2BA-3FC2-4B76-BC9D-1D5B622C2FC5}.Release|Any CPU.Build.0 = Release|Any CPU
		{7B047660-AE4C-40AF-ACE7-6C82580F9D1D}.Debug|Any CPU.ActiveCfg = Debug|Any CPU
		{7B047660-AE4C-40AF-ACE7-6C82580F9D1D}.Debug|Any CPU.Build.0 = Debug|Any CPU
		{7B047660-AE4C-40AF-ACE7-6C82580F9D1D}.Release|Any CPU.ActiveCfg = Release|Any CPU
		{7B047660-AE4C-40AF-ACE7-6C82580F9D1D}.Release|Any CPU.Build.0 = Release|Any CPU
		{3AE7734E-CE4B-437F-97A0-CEE91EE7C536}.Debug|Any CPU.ActiveCfg = Debug|Any CPU
		{3AE7734E-CE4B-437F-97A0-CEE91EE7C536}.Debug|Any CPU.Build.0 = Debug|Any CPU
		{3AE7734E-CE4B-437F-97A0-CEE91EE7C536}.Release|Any CPU.ActiveCfg = Release|Any CPU
		{3AE7734E-CE4B-437F-97A0-CEE91EE7C536}.Release|Any CPU.Build.0 = Release|Any CPU
		{FFF81807-F042-4E03-AE5A-CF90F46CC8B8}.Debug|Any CPU.ActiveCfg = Debug|Any CPU
		{FFF81807-F042-4E03-AE5A-CF90F46CC8B8}.Debug|Any CPU.Build.0 = Debug|Any CPU
		{FFF81807-F042-4E03-AE5A-CF90F46CC8B8}.Release|Any CPU.ActiveCfg = Release|Any CPU
		{FFF81807-F042-4E03-AE5A-CF90F46CC8B8}.Release|Any CPU.Build.0 = Release|Any CPU
		{BA313CBD-BD4C-4AC7-9F98-5CD6C3ADF613}.Debug|Any CPU.ActiveCfg = Debug|Any CPU
		{BA313CBD-BD4C-4AC7-9F98-5CD6C3ADF613}.Debug|Any CPU.Build.0 = Debug|Any CPU
		{BA313CBD-BD4C-4AC7-9F98-5CD6C3ADF613}.Release|Any CPU.ActiveCfg = Release|Any CPU
		{BA313CBD-BD4C-4AC7-9F98-5CD6C3ADF613}.Release|Any CPU.Build.0 = Release|Any CPU
		{4225BF61-8A7A-4F37-BCC3-3B8CFB1897F7}.Debug|Any CPU.ActiveCfg = Debug|Any CPU
		{4225BF61-8A7A-4F37-BCC3-3B8CFB1897F7}.Debug|Any CPU.Build.0 = Debug|Any CPU
		{4225BF61-8A7A-4F37-BCC3-3B8CFB1897F7}.Release|Any CPU.ActiveCfg = Release|Any CPU
		{4225BF61-8A7A-4F37-BCC3-3B8CFB1897F7}.Release|Any CPU.Build.0 = Release|Any CPU
		{E874A5B9-6869-4A06-8DA2-E49D93FAFE82}.Debug|Any CPU.ActiveCfg = Debug|Any CPU
		{E874A5B9-6869-4A06-8DA2-E49D93FAFE82}.Debug|Any CPU.Build.0 = Debug|Any CPU
		{E874A5B9-6869-4A06-8DA2-E49D93FAFE82}.Release|Any CPU.ActiveCfg = Release|Any CPU
		{E874A5B9-6869-4A06-8DA2-E49D93FAFE82}.Release|Any CPU.Build.0 = Release|Any CPU
		{F3A6FF5A-E245-42BC-AB4C-D8002A432CFF}.Debug|Any CPU.ActiveCfg = Debug|Any CPU
		{F3A6FF5A-E245-42BC-AB4C-D8002A432CFF}.Debug|Any CPU.Build.0 = Debug|Any CPU
		{F3A6FF5A-E245-42BC-AB4C-D8002A432CFF}.Release|Any CPU.ActiveCfg = Release|Any CPU
		{F3A6FF5A-E245-42BC-AB4C-D8002A432CFF}.Release|Any CPU.Build.0 = Release|Any CPU
		{CBD4E3E7-00A9-4183-9AE9-FA89DC80B50A}.Debug|Any CPU.ActiveCfg = Debug|Any CPU
		{CBD4E3E7-00A9-4183-9AE9-FA89DC80B50A}.Debug|Any CPU.Build.0 = Debug|Any CPU
		{CBD4E3E7-00A9-4183-9AE9-FA89DC80B50A}.Release|Any CPU.ActiveCfg = Release|Any CPU
		{CBD4E3E7-00A9-4183-9AE9-FA89DC80B50A}.Release|Any CPU.Build.0 = Release|Any CPU
		{BB97097D-F5EF-4304-9DED-2D02279BAB95}.Debug|Any CPU.ActiveCfg = Debug|Any CPU
		{BB97097D-F5EF-4304-9DED-2D02279BAB95}.Debug|Any CPU.Build.0 = Debug|Any CPU
		{BB97097D-F5EF-4304-9DED-2D02279BAB95}.Release|Any CPU.ActiveCfg = Release|Any CPU
		{BB97097D-F5EF-4304-9DED-2D02279BAB95}.Release|Any CPU.Build.0 = Release|Any CPU
		{DD2F2DAB-3CCA-4FD8-AF1B-0995BCFE8B56}.Debug|Any CPU.ActiveCfg = Debug|Any CPU
		{DD2F2DAB-3CCA-4FD8-AF1B-0995BCFE8B56}.Debug|Any CPU.Build.0 = Debug|Any CPU
		{DD2F2DAB-3CCA-4FD8-AF1B-0995BCFE8B56}.Release|Any CPU.ActiveCfg = Release|Any CPU
		{DD2F2DAB-3CCA-4FD8-AF1B-0995BCFE8B56}.Release|Any CPU.Build.0 = Release|Any CPU
	EndGlobalSection
	GlobalSection(SolutionProperties) = preSolution
		HideSolutionNode = FALSE
	EndGlobalSection
	GlobalSection(NestedProjects) = preSolution
		{E60BC2E6-C656-4F2D-AB63-35E7AA5D4408} = {3259233F-FC8B-490F-A7A5-7C95F411D53B}
		{80FB0C4F-FA20-4C85-9F42-DDF813B47226} = {3259233F-FC8B-490F-A7A5-7C95F411D53B}
		{C82E35CE-D694-4C4E-B083-857F01EAB717} = {3259233F-FC8B-490F-A7A5-7C95F411D53B}
		{7BDC694F-FDBA-4087-A0B6-F7E703538896} = {80FB0C4F-FA20-4C85-9F42-DDF813B47226}
		{DEBA7FCF-202E-4B3A-95A5-F82BC09B4817} = {80FB0C4F-FA20-4C85-9F42-DDF813B47226}
		{A2C4F4E8-9055-4238-B5F9-08F39609CEF6} = {80FB0C4F-FA20-4C85-9F42-DDF813B47226}
		{5F36C2BA-3FC2-4B76-BC9D-1D5B622C2FC5} = {80FB0C4F-FA20-4C85-9F42-DDF813B47226}
		{7B047660-AE4C-40AF-ACE7-6C82580F9D1D} = {C82E35CE-D694-4C4E-B083-857F01EAB717}
		{3AE7734E-CE4B-437F-97A0-CEE91EE7C536} = {C82E35CE-D694-4C4E-B083-857F01EAB717}
		{FFF81807-F042-4E03-AE5A-CF90F46CC8B8} = {C82E35CE-D694-4C4E-B083-857F01EAB717}
		{BA313CBD-BD4C-4AC7-9F98-5CD6C3ADF613} = {C82E35CE-D694-4C4E-B083-857F01EAB717}
		{4225BF61-8A7A-4F37-BCC3-3B8CFB1897F7} = {E60BC2E6-C656-4F2D-AB63-35E7AA5D4408}
		{E874A5B9-6869-4A06-8DA2-E49D93FAFE82} = {E60BC2E6-C656-4F2D-AB63-35E7AA5D4408}
		{F3A6FF5A-E245-42BC-AB4C-D8002A432CFF} = {E60BC2E6-C656-4F2D-AB63-35E7AA5D4408}
		{CBD4E3E7-00A9-4183-9AE9-FA89DC80B50A} = {E60BC2E6-C656-4F2D-AB63-35E7AA5D4408}
		{BB97097D-F5EF-4304-9DED-2D02279BAB95} = {E60BC2E6-C656-4F2D-AB63-35E7AA5D4408}
		{DD2F2DAB-3CCA-4FD8-AF1B-0995BCFE8B56} = {61A8DC94-F701-4BC7-A3C5-CC1877C648CB}
		{9858D33F-6F70-495B-8005-EAE1487F96FB} = {77FE9ED0-3B32-41D7-BA09-4CDE5B4CC13F}
		{353FC451-A575-4029-9383-31D8EEA69C80} = {9858D33F-6F70-495B-8005-EAE1487F96FB}
	EndGlobalSection
	GlobalSection(ExtensibilityGlobals) = postSolution
		SolutionGuid = {1C201030-4989-4325-BC63-ACA45B0703B0}
	EndGlobalSection
EndGlobal
