
Microsoft Visual Studio Solution File, Format Version 12.00
# Visual Studio Version 17
VisualStudioVersion = 17.9.34902.65
MinimumVisualStudioVersion = 10.0.40219.1
Project("{9A19103F-16F7-4668-BE54-9A1E7A4F7556}") = "TopUp.API", "TopUp.API\TopUp.API.csproj", "{5A2C6B62-3503-4880-B481-1E75BC62572A}"
EndProject
Project("{9A19103F-16F7-4668-BE54-9A1E7A4F7556}") = "TopUp.Domain", "TopUp.Domain\TopUp.Domain.csproj", "{7735B2A5-079E-4ECD-B057-3062917DDAEE}"
EndProject
Project("{9A19103F-16F7-4668-BE54-9A1E7A4F7556}") = "TopUp.Application", "TopUp.Application\TopUp.Application.csproj", "{0A356E79-FA1D-4EB3-A40D-1DEA0C4A484B}"
EndProject
Project("{9A19103F-16F7-4668-BE54-9A1E7A4F7556}") = "TopUp.Infrastructure", "TopUp.Infrastructure\TopUp.Infrastructure.csproj", "{DC46F9CB-807F-4B79-8AA4-142D3EA127DC}"
EndProject
Project("{FAE04EC0-301F-11D3-BF4B-00C04F79EFBC}") = "TopUpService.Tests", "TopUpService.Tests\TopUpService.Tests.csproj", "{C9F85EFA-6CCC-4245-B966-628AAA221C04}"
EndProject
Global
	GlobalSection(SolutionConfigurationPlatforms) = preSolution
		Debug|Any CPU = Debug|Any CPU
		Release|Any CPU = Release|Any CPU
	EndGlobalSection
	GlobalSection(ProjectConfigurationPlatforms) = postSolution
		{5A2C6B62-3503-4880-B481-1E75BC62572A}.Debug|Any CPU.ActiveCfg = Debug|Any CPU
		{5A2C6B62-3503-4880-B481-1E75BC62572A}.Debug|Any CPU.Build.0 = Debug|Any CPU
		{5A2C6B62-3503-4880-B481-1E75BC62572A}.Release|Any CPU.ActiveCfg = Release|Any CPU
		{5A2C6B62-3503-4880-B481-1E75BC62572A}.Release|Any CPU.Build.0 = Release|Any CPU
		{7735B2A5-079E-4ECD-B057-3062917DDAEE}.Debug|Any CPU.ActiveCfg = Debug|Any CPU
		{7735B2A5-079E-4ECD-B057-3062917DDAEE}.Debug|Any CPU.Build.0 = Debug|Any CPU
		{7735B2A5-079E-4ECD-B057-3062917DDAEE}.Release|Any CPU.ActiveCfg = Release|Any CPU
		{7735B2A5-079E-4ECD-B057-3062917DDAEE}.Release|Any CPU.Build.0 = Release|Any CPU
		{0A356E79-FA1D-4EB3-A40D-1DEA0C4A484B}.Debug|Any CPU.ActiveCfg = Debug|Any CPU
		{0A356E79-FA1D-4EB3-A40D-1DEA0C4A484B}.Debug|Any CPU.Build.0 = Debug|Any CPU
		{0A356E79-FA1D-4EB3-A40D-1DEA0C4A484B}.Release|Any CPU.ActiveCfg = Release|Any CPU
		{0A356E79-FA1D-4EB3-A40D-1DEA0C4A484B}.Release|Any CPU.Build.0 = Release|Any CPU
		{DC46F9CB-807F-4B79-8AA4-142D3EA127DC}.Debug|Any CPU.ActiveCfg = Debug|Any CPU
		{DC46F9CB-807F-4B79-8AA4-142D3EA127DC}.Debug|Any CPU.Build.0 = Debug|Any CPU
		{DC46F9CB-807F-4B79-8AA4-142D3EA127DC}.Release|Any CPU.ActiveCfg = Release|Any CPU
		{DC46F9CB-807F-4B79-8AA4-142D3EA127DC}.Release|Any CPU.Build.0 = Release|Any CPU
		{C9F85EFA-6CCC-4245-B966-628AAA221C04}.Debug|Any CPU.ActiveCfg = Debug|Any CPU
		{C9F85EFA-6CCC-4245-B966-628AAA221C04}.Debug|Any CPU.Build.0 = Debug|Any CPU
		{C9F85EFA-6CCC-4245-B966-628AAA221C04}.Release|Any CPU.ActiveCfg = Release|Any CPU
		{C9F85EFA-6CCC-4245-B966-628AAA221C04}.Release|Any CPU.Build.0 = Release|Any CPU
	EndGlobalSection
	GlobalSection(SolutionProperties) = preSolution
		HideSolutionNode = FALSE
	EndGlobalSection
	GlobalSection(ExtensibilityGlobals) = postSolution
		SolutionGuid = {020C45A5-8C8E-4F4B-A6B4-9C0571AF3C81}
	EndGlobalSection
EndGlobal
